
Microsoft Visual Studio Solution File, Format Version 12.00
# Visual Studio Version 17
VisualStudioVersion = 17.8.34511.84
MinimumVisualStudioVersion = 10.0.40219.1
Project("{9A19103F-16F7-4668-BE54-9A1E7A4F7556}") = "SpookyHotel_Ver2", "SpookyHotel_Ver2\SpookyHotel_Ver2.csproj", "{4E79CE3C-EBB4-4DBB-A0E8-E62F51035231}"
EndProject
Global
	GlobalSection(SolutionConfigurationPlatforms) = preSolution
		Debug|Any CPU = Debug|Any CPU
		Release|Any CPU = Release|Any CPU
	EndGlobalSection
	GlobalSection(ProjectConfigurationPlatforms) = postSolution
		{4E79CE3C-EBB4-4DBB-A0E8-E62F51035231}.Debug|Any CPU.ActiveCfg = Debug|Any CPU
		{4E79CE3C-EBB4-4DBB-A0E8-E62F51035231}.Debug|Any CPU.Build.0 = Debug|Any CPU
		{4E79CE3C-EBB4-4DBB-A0E8-E62F51035231}.Release|Any CPU.ActiveCfg = Release|Any CPU
		{4E79CE3C-EBB4-4DBB-A0E8-E62F51035231}.Release|Any CPU.Build.0 = Release|Any CPU
	EndGlobalSection
	GlobalSection(SolutionProperties) = preSolution
		HideSolutionNode = FALSE
	EndGlobalSection
	GlobalSection(ExtensibilityGlobals) = postSolution
		SolutionGuid = {E3D931E0-146D-410E-B01F-01D0DA003DDF}
	EndGlobalSection
EndGlobal
